
Microsoft Visual Studio Solution File, Format Version 12.00
# Visual Studio 15
Project("{FAE04EC0-301F-11D3-BF4B-00C04F79EFBC}") = "Assembly-CSharp", "Assembly-CSharp.csproj", "{166137AF-D201-F98D-CB95-0F03FE1CEC75}"
EndProject
Project("{FAE04EC0-301F-11D3-BF4B-00C04F79EFBC}") = "Assembly-CSharp-Editor", "Assembly-CSharp-Editor.csproj", "{B29F3413-3FF2-B1A3-06EF-8E2F1FC0485A}"
EndProject
Global
	GlobalSection(SolutionConfigurationPlatforms) = preSolution
		Debug|Any CPU = Debug|Any CPU
		Release|Any CPU = Release|Any CPU
	EndGlobalSection
	GlobalSection(ProjectConfigurationPlatforms) = postSolution
		{166137AF-D201-F98D-CB95-0F03FE1CEC75}.Debug|Any CPU.ActiveCfg = Debug|Any CPU
		{166137AF-D201-F98D-CB95-0F03FE1CEC75}.Debug|Any CPU.Build.0 = Debug|Any CPU
		{166137AF-D201-F98D-CB95-0F03FE1CEC75}.Release|Any CPU.ActiveCfg = Release|Any CPU
		{166137AF-D201-F98D-CB95-0F03FE1CEC75}.Release|Any CPU.Build.0 = Release|Any CPU
		{B29F3413-3FF2-B1A3-06EF-8E2F1FC0485A}.Debug|Any CPU.ActiveCfg = Debug|Any CPU
		{B29F3413-3FF2-B1A3-06EF-8E2F1FC0485A}.Debug|Any CPU.Build.0 = Debug|Any CPU
		{B29F3413-3FF2-B1A3-06EF-8E2F1FC0485A}.Release|Any CPU.ActiveCfg = Release|Any CPU
		{B29F3413-3FF2-B1A3-06EF-8E2F1FC0485A}.Release|Any CPU.Build.0 = Release|Any CPU
	EndGlobalSection
	GlobalSection(SolutionProperties) = preSolution
		HideSolutionNode = FALSE
	EndGlobalSection
EndGlobal
